
Microsoft Visual Studio Solution File, Format Version 12.00
# Visual Studio Version 16
VisualStudioVersion = 16.0.31129.286
MinimumVisualStudioVersion = 10.0.40219.1
Project("{E24C65DC-7377-472B-9ABA-BC803B73C61A}") = "addon(1)", "addon\", "{CCABF3AA-211F-4150-9062-64ED1F285CCC}"
	ProjectSection(WebsiteProperties) = preProject
		TargetFrameworkMoniker = ".NETFramework,Version%3Dv4.5"
		Debug.AspNetCompiler.VirtualPath = "/localhost_50154"
		Debug.AspNetCompiler.PhysicalPath = "addon\"
		Debug.AspNetCompiler.TargetPath = "PrecompiledWeb\localhost_50154\"
		Debug.AspNetCompiler.Updateable = "true"
		Debug.AspNetCompiler.ForceOverwrite = "true"
		Debug.AspNetCompiler.FixedNames = "false"
		Debug.AspNetCompiler.Debug = "True"
		Release.AspNetCompiler.VirtualPath = "/localhost_50154"
		Release.AspNetCompiler.PhysicalPath = "addon\"
		Release.AspNetCompiler.TargetPath = "PrecompiledWeb\localhost_50154\"
		Release.AspNetCompiler.Updateable = "true"
		Release.AspNetCompiler.ForceOverwrite = "true"
		Release.AspNetCompiler.FixedNames = "false"
		Release.AspNetCompiler.Debug = "False"
		VWDPort = "50154"
		SlnRelativePath = "addon\"
	EndProjectSection
EndProject
Global
	GlobalSection(SolutionConfigurationPlatforms) = preSolution
		Debug|Any CPU = Debug|Any CPU
	EndGlobalSection
	GlobalSection(ProjectConfigurationPlatforms) = postSolution
		{CCABF3AA-211F-4150-9062-64ED1F285CCC}.Debug|Any CPU.ActiveCfg = Debug|Any CPU
		{CCABF3AA-211F-4150-9062-64ED1F285CCC}.Debug|Any CPU.Build.0 = Debug|Any CPU
	EndGlobalSection
	GlobalSection(SolutionProperties) = preSolution
		HideSolutionNode = FALSE
	EndGlobalSection
	GlobalSection(ExtensibilityGlobals) = postSolution
		SolutionGuid = {10F45AFF-DA23-442F-ABF1-C4943AA550E0}
	EndGlobalSection
EndGlobal
